
Microsoft Visual Studio Solution File, Format Version 12.00
# Visual Studio 15
VisualStudioVersion = 15.0.28307.852
MinimumVisualStudioVersion = 10.0.40219.1
Project("{FAE04EC0-301F-11D3-BF4B-00C04F79EFBC}") = "TPSuperior", "TPSuperior\TPSuperior.csproj", "{0BF014A0-1FC0-4E81-B4E0-C0F2A4FB406C}"
EndProject
Global
	GlobalSection(SolutionConfigurationPlatforms) = preSolution
		Debug|Any CPU = Debug|Any CPU
		Release|Any CPU = Release|Any CPU
	EndGlobalSection
	GlobalSection(ProjectConfigurationPlatforms) = postSolution
		{0BF014A0-1FC0-4E81-B4E0-C0F2A4FB406C}.Debug|Any CPU.ActiveCfg = Debug|Any CPU
		{0BF014A0-1FC0-4E81-B4E0-C0F2A4FB406C}.Debug|Any CPU.Build.0 = Debug|Any CPU
		{0BF014A0-1FC0-4E81-B4E0-C0F2A4FB406C}.Release|Any CPU.ActiveCfg = Release|Any CPU
		{0BF014A0-1FC0-4E81-B4E0-C0F2A4FB406C}.Release|Any CPU.Build.0 = Release|Any CPU
	EndGlobalSection
	GlobalSection(SolutionProperties) = preSolution
		HideSolutionNode = FALSE
	EndGlobalSection
	GlobalSection(ExtensibilityGlobals) = postSolution
		SolutionGuid = {C1AB4F19-79C6-42DE-A85F-C1A500E746A6}
	EndGlobalSection
EndGlobal
